
Microsoft Visual Studio Solution File, Format Version 12.00
# Visual Studio 15
VisualStudioVersion = 15.0.27703.2035
MinimumVisualStudioVersion = 10.0.40219.1
Project("{FAE04EC0-301F-11D3-BF4B-00C04F79EFBC}") = "lesson 1 comp-2084", "lesson 1 comp-2084\lesson 1 comp-2084.csproj", "{B11C57B5-4CF5-4460-959D-D14A5609B117}"
EndProject
Global
	GlobalSection(SolutionConfigurationPlatforms) = preSolution
		Debug|Any CPU = Debug|Any CPU
		Release|Any CPU = Release|Any CPU
	EndGlobalSection
	GlobalSection(ProjectConfigurationPlatforms) = postSolution
		{B11C57B5-4CF5-4460-959D-D14A5609B117}.Debug|Any CPU.ActiveCfg = Debug|Any CPU
		{B11C57B5-4CF5-4460-959D-D14A5609B117}.Debug|Any CPU.Build.0 = Debug|Any CPU
		{B11C57B5-4CF5-4460-959D-D14A5609B117}.Release|Any CPU.ActiveCfg = Release|Any CPU
		{B11C57B5-4CF5-4460-959D-D14A5609B117}.Release|Any CPU.Build.0 = Release|Any CPU
	EndGlobalSection
	GlobalSection(SolutionProperties) = preSolution
		HideSolutionNode = FALSE
	EndGlobalSection
	GlobalSection(ExtensibilityGlobals) = postSolution
		SolutionGuid = {DFF48FDD-68DB-48EC-A81F-F98EEF8607EE}
	EndGlobalSection
EndGlobal
